
Microsoft Visual Studio Solution File, Format Version 12.00
# Visual Studio Version 16
VisualStudioVersion = 16.0.30907.101
MinimumVisualStudioVersion = 10.0.40219.1
Project("{FAE04EC0-301F-11D3-BF4B-00C04F79EFBC}") = "PopUpWithFade", "PopUpWithFade\PopUpWithFade.csproj", "{36AB32C8-42F6-4757-AF22-2420135B7353}"
EndProject
Global
	GlobalSection(SolutionConfigurationPlatforms) = preSolution
		Debug|Any CPU = Debug|Any CPU
		Release|Any CPU = Release|Any CPU
	EndGlobalSection
	GlobalSection(ProjectConfigurationPlatforms) = postSolution
		{36AB32C8-42F6-4757-AF22-2420135B7353}.Debug|Any CPU.ActiveCfg = Debug|Any CPU
		{36AB32C8-42F6-4757-AF22-2420135B7353}.Debug|Any CPU.Build.0 = Debug|Any CPU
		{36AB32C8-42F6-4757-AF22-2420135B7353}.Release|Any CPU.ActiveCfg = Release|Any CPU
		{36AB32C8-42F6-4757-AF22-2420135B7353}.Release|Any CPU.Build.0 = Release|Any CPU
	EndGlobalSection
	GlobalSection(SolutionProperties) = preSolution
		HideSolutionNode = FALSE
	EndGlobalSection
	GlobalSection(ExtensibilityGlobals) = postSolution
		SolutionGuid = {C6B31F1B-CC99-4FFC-9532-BD3CBB3DC1E6}
	EndGlobalSection
EndGlobal
